
Microsoft Visual Studio Solution File, Format Version 12.00
# Visual Studio 15
VisualStudioVersion = 15.0.27130.2036
MinimumVisualStudioVersion = 10.0.40219.1
Project("{FAE04EC0-301F-11D3-BF4B-00C04F79EFBC}") = "ElasticsearchBrowser", "ElasticsearchBrowser\ElasticsearchBrowser.csproj", "{7AFB870C-FB45-40CB-B92C-5790102646B4}"
EndProject
Project("{E53339B2-1760-4266-BCC7-CA923CBCF16C}") = "docker-compose", "docker-compose.dcproj", "{DA628CF3-F16A-4CA3-A5A9-DC53F4E38961}"
EndProject
Global
	GlobalSection(SolutionConfigurationPlatforms) = preSolution
		Debug|Any CPU = Debug|Any CPU
		Release|Any CPU = Release|Any CPU
	EndGlobalSection
	GlobalSection(ProjectConfigurationPlatforms) = postSolution
		{7AFB870C-FB45-40CB-B92C-5790102646B4}.Debug|Any CPU.ActiveCfg = Debug|Any CPU
		{7AFB870C-FB45-40CB-B92C-5790102646B4}.Debug|Any CPU.Build.0 = Debug|Any CPU
		{7AFB870C-FB45-40CB-B92C-5790102646B4}.Release|Any CPU.ActiveCfg = Release|Any CPU
		{7AFB870C-FB45-40CB-B92C-5790102646B4}.Release|Any CPU.Build.0 = Release|Any CPU
		{DA628CF3-F16A-4CA3-A5A9-DC53F4E38961}.Debug|Any CPU.ActiveCfg = Debug|Any CPU
		{DA628CF3-F16A-4CA3-A5A9-DC53F4E38961}.Debug|Any CPU.Build.0 = Debug|Any CPU
		{DA628CF3-F16A-4CA3-A5A9-DC53F4E38961}.Release|Any CPU.ActiveCfg = Release|Any CPU
		{DA628CF3-F16A-4CA3-A5A9-DC53F4E38961}.Release|Any CPU.Build.0 = Release|Any CPU
	EndGlobalSection
	GlobalSection(SolutionProperties) = preSolution
		HideSolutionNode = FALSE
	EndGlobalSection
	GlobalSection(ExtensibilityGlobals) = postSolution
		SolutionGuid = {A4469630-8905-4116-85D5-363C840E760B}
	EndGlobalSection
EndGlobal
